{
    "_readme": [
        "This file locks the dependencies of your project to a known state",
        "Read more about it at https://getcomposer.org/doc/01-basic-usage.md#installing-dependencies",
        "This file is @generated automatically"
    ],
    "content-hash": "ba664ca5afd355298fe066822e1f2ca0",
    "packages": [
        {
            "name": "phpclasses/emailmd",
            "version": "1.3",
            "dist": {
                "type": "zip",
                "url": "https://www.phpclasses.org/install/package/emailmd.zip"
            },
            "require": {
                "ext-imap": "*",
                "php": ">=5.3"
            },
            "require-dev": {
                "phpunit/phpunit": "4.8.*"
            },
            "type": "library",
            "autoload": {
                "psr-4": {
                    "EmailMD\\": "src/EmailMD"
                }
            }
        }
    ],
    "packages-dev": [],
    "aliases": [],
    "minimum-stability": "stable",
    "stability-flags": [],
    "prefer-stable": false,
    "prefer-lowest": false,
    "platform": [],
    "platform-dev": [],
    "plugin-api-version": "2.2.0"
}
